
Microsoft Visual Studio Solution File, Format Version 12.00
# Visual Studio Version 17
VisualStudioVersion = 17.3.32922.545
MinimumVisualStudioVersion = 10.0.40219.1
Project("{FAE04EC0-301F-11D3-BF4B-00C04F79EFBC}") = "CasoPractico", "CasoPractico.csproj", "{15032E41-6870-4E88-9105-1D41A3910316}"
EndProject
Project("{FAE04EC0-301F-11D3-BF4B-00C04F79EFBC}") = "CasoPractico.Tests", "..\CasoPractico.Tests\CasoPractico.Tests.csproj", "{69AC7F27-23C1-40EC-93DD-1D5DD854DF29}"
EndProject
Global
	GlobalSection(SolutionConfigurationPlatforms) = preSolution
		Debug|Any CPU = Debug|Any CPU
		Release|Any CPU = Release|Any CPU
	EndGlobalSection
	GlobalSection(ProjectConfigurationPlatforms) = postSolution
		{15032E41-6870-4E88-9105-1D41A3910316}.Debug|Any CPU.ActiveCfg = Debug|Any CPU
		{15032E41-6870-4E88-9105-1D41A3910316}.Debug|Any CPU.Build.0 = Debug|Any CPU
		{15032E41-6870-4E88-9105-1D41A3910316}.Release|Any CPU.ActiveCfg = Release|Any CPU
		{15032E41-6870-4E88-9105-1D41A3910316}.Release|Any CPU.Build.0 = Release|Any CPU
		{69AC7F27-23C1-40EC-93DD-1D5DD854DF29}.Debug|Any CPU.ActiveCfg = Debug|Any CPU
		{69AC7F27-23C1-40EC-93DD-1D5DD854DF29}.Debug|Any CPU.Build.0 = Debug|Any CPU
		{69AC7F27-23C1-40EC-93DD-1D5DD854DF29}.Release|Any CPU.ActiveCfg = Release|Any CPU
		{69AC7F27-23C1-40EC-93DD-1D5DD854DF29}.Release|Any CPU.Build.0 = Release|Any CPU
	EndGlobalSection
	GlobalSection(SolutionProperties) = preSolution
		HideSolutionNode = FALSE
	EndGlobalSection
	GlobalSection(ExtensibilityGlobals) = postSolution
		SolutionGuid = {5548D378-DFC0-4F29-80FF-E8B39AD486F8}
	EndGlobalSection
EndGlobal
